
Microsoft Visual Studio Solution File, Format Version 12.00
# Visual Studio Version 16
VisualStudioVersion = 16.0.30225.117
MinimumVisualStudioVersion = 10.0.40219.1
Project("{FAE04EC0-301F-11D3-BF4B-00C04F79EFBC}") = "Shaker", "Shaker.csproj", "{F5E89DE2-CCC5-4A4E-BC45-D5D3A78CF25E}"
EndProject
Global
	GlobalSection(SolutionConfigurationPlatforms) = preSolution
		Debug|Any CPU = Debug|Any CPU
		Release|Any CPU = Release|Any CPU
	EndGlobalSection
	GlobalSection(ProjectConfigurationPlatforms) = postSolution
		{F5E89DE2-CCC5-4A4E-BC45-D5D3A78CF25E}.Debug|Any CPU.ActiveCfg = Debug|Any CPU
		{F5E89DE2-CCC5-4A4E-BC45-D5D3A78CF25E}.Debug|Any CPU.Build.0 = Debug|Any CPU
		{F5E89DE2-CCC5-4A4E-BC45-D5D3A78CF25E}.Release|Any CPU.ActiveCfg = Release|Any CPU
		{F5E89DE2-CCC5-4A4E-BC45-D5D3A78CF25E}.Release|Any CPU.Build.0 = Release|Any CPU
	EndGlobalSection
	GlobalSection(SolutionProperties) = preSolution
		HideSolutionNode = FALSE
	EndGlobalSection
	GlobalSection(ExtensibilityGlobals) = postSolution
		SolutionGuid = {DA88E089-7599-4BC7-9715-711A09863417}
	EndGlobalSection
EndGlobal
